
Microsoft Visual Studio Solution File, Format Version 12.00
# Visual Studio Version 17
VisualStudioVersion = 17.8.34330.188
MinimumVisualStudioVersion = 10.0.40219.1
Project("{FAE04EC0-301F-11D3-BF4B-00C04F79EFBC}") = "proiectpssc", "proiectpssc.csproj", "{CEE2E06D-5ACF-48C8-8A8E-AC0F5A2972F1}"
EndProject
Global
	GlobalSection(SolutionConfigurationPlatforms) = preSolution
		Debug|Any CPU = Debug|Any CPU
		Release|Any CPU = Release|Any CPU
	EndGlobalSection
	GlobalSection(ProjectConfigurationPlatforms) = postSolution
		{CEE2E06D-5ACF-48C8-8A8E-AC0F5A2972F1}.Debug|Any CPU.ActiveCfg = Debug|Any CPU
		{CEE2E06D-5ACF-48C8-8A8E-AC0F5A2972F1}.Debug|Any CPU.Build.0 = Debug|Any CPU
		{CEE2E06D-5ACF-48C8-8A8E-AC0F5A2972F1}.Release|Any CPU.ActiveCfg = Release|Any CPU
		{CEE2E06D-5ACF-48C8-8A8E-AC0F5A2972F1}.Release|Any CPU.Build.0 = Release|Any CPU
	EndGlobalSection
	GlobalSection(SolutionProperties) = preSolution
		HideSolutionNode = FALSE
	EndGlobalSection
	GlobalSection(ExtensibilityGlobals) = postSolution
		SolutionGuid = {BC3C2A53-D780-4FFF-B0DA-1E499B1515AE}
	EndGlobalSection
EndGlobal
