
Microsoft Visual Studio Solution File, Format Version 12.00
# Visual Studio Version 17
VisualStudioVersion = 17.6.33712.159
MinimumVisualStudioVersion = 10.0.40219.1
Project("{FAE04EC0-301F-11D3-BF4B-00C04F79EFBC}") = "Lab2", "Lab2\Lab2.csproj", "{B36DD13E-5500-4962-8266-778A2D860465}"
EndProject
Global
	GlobalSection(SolutionConfigurationPlatforms) = preSolution
		Debug|Any CPU = Debug|Any CPU
		Release|Any CPU = Release|Any CPU
	EndGlobalSection
	GlobalSection(ProjectConfigurationPlatforms) = postSolution
		{B36DD13E-5500-4962-8266-778A2D860465}.Debug|Any CPU.ActiveCfg = Debug|Any CPU
		{B36DD13E-5500-4962-8266-778A2D860465}.Debug|Any CPU.Build.0 = Debug|Any CPU
		{B36DD13E-5500-4962-8266-778A2D860465}.Release|Any CPU.ActiveCfg = Release|Any CPU
		{B36DD13E-5500-4962-8266-778A2D860465}.Release|Any CPU.Build.0 = Release|Any CPU
	EndGlobalSection
	GlobalSection(SolutionProperties) = preSolution
		HideSolutionNode = FALSE
	EndGlobalSection
	GlobalSection(ExtensibilityGlobals) = postSolution
		SolutionGuid = {D39D43E6-6061-495D-B2AD-C07C62483EF3}
	EndGlobalSection
EndGlobal
